
Microsoft Visual Studio Solution File, Format Version 12.00
# Visual Studio 15
VisualStudioVersion = 15.0.28307.168
MinimumVisualStudioVersion = 10.0.40219.1
Project("{FAE04EC0-301F-11D3-BF4B-00C04F79EFBC}") = "LauraLine.Android", "LauraLine\LauraLine.Android\LauraLine.Android.csproj", "{E6F334E5-A318-42E4-AFA3-41B2CD2B3F85}"
EndProject
Project("{FAE04EC0-301F-11D3-BF4B-00C04F79EFBC}") = "LauraLine.iOS", "LauraLine\LauraLine.iOS\LauraLine.iOS.csproj", "{3186A24B-7A44-4FEC-B9B5-9164F97AC26F}"
EndProject
Project("{FAE04EC0-301F-11D3-BF4B-00C04F79EFBC}") = "LauraLine", "LauraLine\LauraLine\LauraLine.csproj", "{21BF1F3D-912C-45FB-AB02-A41FAF6A3435}"
EndProject
Global
	GlobalSection(SolutionConfigurationPlatforms) = preSolution
		Ad-Hoc|Any CPU = Ad-Hoc|Any CPU
		Ad-Hoc|iPhone = Ad-Hoc|iPhone
		Ad-Hoc|iPhoneSimulator = Ad-Hoc|iPhoneSimulator
		AppStore|Any CPU = AppStore|Any CPU
		AppStore|iPhone = AppStore|iPhone
		AppStore|iPhoneSimulator = AppStore|iPhoneSimulator
		Debug|Any CPU = Debug|Any CPU
		Debug|iPhone = Debug|iPhone
		Debug|iPhoneSimulator = Debug|iPhoneSimulator
		Release|Any CPU = Release|Any CPU
		Release|iPhone = Release|iPhone
		Release|iPhoneSimulator = Release|iPhoneSimulator
	EndGlobalSection
	GlobalSection(ProjectConfigurationPlatforms) = postSolution
		{E6F334E5-A318-42E4-AFA3-41B2CD2B3F85}.Ad-Hoc|Any CPU.ActiveCfg = Release|Any CPU
		{E6F334E5-A318-42E4-AFA3-41B2CD2B3F85}.Ad-Hoc|Any CPU.Build.0 = Release|Any CPU
		{E6F334E5-A318-42E4-AFA3-41B2CD2B3F85}.Ad-Hoc|Any CPU.Deploy.0 = Release|Any CPU
		{E6F334E5-A318-42E4-AFA3-41B2CD2B3F85}.Ad-Hoc|iPhone.ActiveCfg = Release|Any CPU
		{E6F334E5-A318-42E4-AFA3-41B2CD2B3F85}.Ad-Hoc|iPhone.Build.0 = Release|Any CPU
		{E6F334E5-A318-42E4-AFA3-41B2CD2B3F85}.Ad-Hoc|iPhone.Deploy.0 = Release|Any CPU
		{E6F334E5-A318-42E4-AFA3-41B2CD2B3F85}.Ad-Hoc|iPhoneSimulator.ActiveCfg = Release|Any CPU
		{E6F334E5-A318-42E4-AFA3-41B2CD2B3F85}.Ad-Hoc|iPhoneSimulator.Build.0 = Release|Any CPU
		{E6F334E5-A318-42E4-AFA3-41B2CD2B3F85}.Ad-Hoc|iPhoneSimulator.Deploy.0 = Release|Any CPU
		{E6F334E5-A318-42E4-AFA3-41B2CD2B3F85}.AppStore|Any CPU.ActiveCfg = Release|Any CPU
		{E6F334E5-A318-42E4-AFA3-41B2CD2B3F85}.AppStore|Any CPU.Build.0 = Release|Any CPU
		{E6F334E5-A318-42E4-AFA3-41B2CD2B3F85}.AppStore|Any CPU.Deploy.0 = Release|Any CPU
		{E6F334E5-A318-42E4-AFA3-41B2CD2B3F85}.AppStore|iPhone.ActiveCfg = Release|Any CPU
		{E6F334E5-A318-42E4-AFA3-41B2CD2B3F85}.AppStore|iPhone.Build.0 = Release|Any CPU
		{E6F334E5-A318-42E4-AFA3-41B2CD2B3F85}.AppStore|iPhone.Deploy.0 = Release|Any CPU
		{E6F334E5-A318-42E4-AFA3-41B2CD2B3F85}.AppStore|iPhoneSimulator.ActiveCfg = Release|Any CPU
		{E6F334E5-A318-42E4-AFA3-41B2CD2B3F85}.AppStore|iPhoneSimulator.Build.0 = Release|Any CPU
		{E6F334E5-A318-42E4-AFA3-41B2CD2B3F85}.AppStore|iPhoneSimulator.Deploy.0 = Release|Any CPU
		{E6F334E5-A318-42E4-AFA3-41B2CD2B3F85}.Debug|Any CPU.ActiveCfg = Debug|Any CPU
		{E6F334E5-A318-42E4-AFA3-41B2CD2B3F85}.Debug|Any CPU.Build.0 = Debug|Any CPU
		{E6F334E5-A318-42E4-AFA3-41B2CD2B3F85}.Debug|Any CPU.Deploy.0 = Debug|Any CPU
		{E6F334E5-A318-42E4-AFA3-41B2CD2B3F85}.Debug|iPhone.ActiveCfg = Debug|Any CPU
		{E6F334E5-A318-42E4-AFA3-41B2CD2B3F85}.Debug|iPhone.Build.0 = Debug|Any CPU
		{E6F334E5-A318-42E4-AFA3-41B2CD2B3F85}.Debug|iPhone.Deploy.0 = Debug|Any CPU
		{E6F334E5-A318-42E4-AFA3-41B2CD2B3F85}.Debug|iPhoneSimulator.ActiveCfg = Debug|Any CPU
		{E6F334E5-A318-42E4-AFA3-41B2CD2B3F85}.Debug|iPhoneSimulator.Build.0 = Debug|Any CPU
		{E6F334E5-A318-42E4-AFA3-41B2CD2B3F85}.Debug|iPhoneSimulator.Deploy.0 = Debug|Any CPU
		{E6F334E5-A318-42E4-AFA3-41B2CD2B3F85}.Release|Any CPU.ActiveCfg = Release|Any CPU
		{E6F334E5-A318-42E4-AFA3-41B2CD2B3F85}.Release|Any CPU.Build.0 = Release|Any CPU
		{E6F334E5-A318-42E4-AFA3-41B2CD2B3F85}.Release|Any CPU.Deploy.0 = Release|Any CPU
		{E6F334E5-A318-42E4-AFA3-41B2CD2B3F85}.Release|iPhone.ActiveCfg = Release|Any CPU
		{E6F334E5-A318-42E4-AFA3-41B2CD2B3F85}.Release|iPhone.Build.0 = Release|Any CPU
		{E6F334E5-A318-42E4-AFA3-41B2CD2B3F85}.Release|iPhone.Deploy.0 = Release|Any CPU
		{E6F334E5-A318-42E4-AFA3-41B2CD2B3F85}.Release|iPhoneSimulator.ActiveCfg = Release|Any CPU
		{E6F334E5-A318-42E4-AFA3-41B2CD2B3F85}.Release|iPhoneSimulator.Build.0 = Release|Any CPU
		{E6F334E5-A318-42E4-AFA3-41B2CD2B3F85}.Release|iPhoneSimulator.Deploy.0 = Release|Any CPU
		{3186A24B-7A44-4FEC-B9B5-9164F97AC26F}.Ad-Hoc|Any CPU.ActiveCfg = Ad-Hoc|iPhone
		{3186A24B-7A44-4FEC-B9B5-9164F97AC26F}.Ad-Hoc|Any CPU.Build.0 = Ad-Hoc|iPhone
		{3186A24B-7A44-4FEC-B9B5-9164F97AC26F}.Ad-Hoc|Any CPU.Deploy.0 = Ad-Hoc|iPhone
		{3186A24B-7A44-4FEC-B9B5-9164F97AC26F}.Ad-Hoc|iPhone.ActiveCfg = Ad-Hoc|iPhone
		{3186A24B-7A44-4FEC-B9B5-9164F97AC26F}.Ad-Hoc|iPhone.Build.0 = Ad-Hoc|iPhone
		{3186A24B-7A44-4FEC-B9B5-9164F97AC26F}.Ad-Hoc|iPhone.Deploy.0 = Ad-Hoc|iPhone
		{3186A24B-7A44-4FEC-B9B5-9164F97AC26F}.Ad-Hoc|iPhoneSimulator.ActiveCfg = Ad-Hoc|iPhoneSimulator
		{3186A24B-7A44-4FEC-B9B5-9164F97AC26F}.Ad-Hoc|iPhoneSimulator.Build.0 = Ad-Hoc|iPhoneSimulator
		{3186A24B-7A44-4FEC-B9B5-9164F97AC26F}.Ad-Hoc|iPhoneSimulator.Deploy.0 = Ad-Hoc|iPhoneSimulator
		{3186A24B-7A44-4FEC-B9B5-9164F97AC26F}.AppStore|Any CPU.ActiveCfg = AppStore|iPhone
		{3186A24B-7A44-4FEC-B9B5-9164F97AC26F}.AppStore|Any CPU.Build.0 = AppStore|iPhone
		{3186A24B-7A44-4FEC-B9B5-9164F97AC26F}.AppStore|Any CPU.Deploy.0 = AppStore|iPhone
		{3186A24B-7A44-4FEC-B9B5-9164F97AC26F}.AppStore|iPhone.ActiveCfg = AppStore|iPhone
		{3186A24B-7A44-4FEC-B9B5-9164F97AC26F}.AppStore|iPhone.Build.0 = AppStore|iPhone
		{3186A24B-7A44-4FEC-B9B5-9164F97AC26F}.AppStore|iPhone.Deploy.0 = AppStore|iPhone
		{3186A24B-7A44-4FEC-B9B5-9164F97AC26F}.AppStore|iPhoneSimulator.ActiveCfg = AppStore|iPhoneSimulator
		{3186A24B-7A44-4FEC-B9B5-9164F97AC26F}.AppStore|iPhoneSimulator.Build.0 = AppStore|iPhoneSimulator
		{3186A24B-7A44-4FEC-B9B5-9164F97AC26F}.AppStore|iPhoneSimulator.Deploy.0 = AppStore|iPhoneSimulator
		{3186A24B-7A44-4FEC-B9B5-9164F97AC26F}.Debug|Any CPU.ActiveCfg = Debug|iPhoneSimulator
		{3186A24B-7A44-4FEC-B9B5-9164F97AC26F}.Debug|Any CPU.Build.0 = Debug|iPhoneSimulator
		{3186A24B-7A44-4FEC-B9B5-9164F97AC26F}.Debug|Any CPU.Deploy.0 = Debug|iPhoneSimulator
		{3186A24B-7A44-4FEC-B9B5-9164F97AC26F}.Debug|iPhone.ActiveCfg = Debug|iPhone
		{3186A24B-7A44-4FEC-B9B5-9164F97AC26F}.Debug|iPhone.Build.0 = Debug|iPhone
		{3186A24B-7A44-4FEC-B9B5-9164F97AC26F}.Debug|iPhone.Deploy.0 = Debug|iPhone
		{3186A24B-7A44-4FEC-B9B5-9164F97AC26F}.Debug|iPhoneSimulator.ActiveCfg = Debug|iPhoneSimulator
		{3186A24B-7A44-4FEC-B9B5-9164F97AC26F}.Debug|iPhoneSimulator.Build.0 = Debug|iPhoneSimulator
		{3186A24B-7A44-4FEC-B9B5-9164F97AC26F}.Debug|iPhoneSimulator.Deploy.0 = Debug|iPhoneSimulator
		{3186A24B-7A44-4FEC-B9B5-9164F97AC26F}.Release|Any CPU.ActiveCfg = Release|iPhone
		{3186A24B-7A44-4FEC-B9B5-9164F97AC26F}.Release|Any CPU.Build.0 = Release|iPhone
		{3186A24B-7A44-4FEC-B9B5-9164F97AC26F}.Release|Any CPU.Deploy.0 = Release|iPhone
		{3186A24B-7A44-4FEC-B9B5-9164F97AC26F}.Release|iPhone.ActiveCfg = Release|iPhone
		{3186A24B-7A44-4FEC-B9B5-9164F97AC26F}.Release|iPhone.Build.0 = Release|iPhone
		{3186A24B-7A44-4FEC-B9B5-9164F97AC26F}.Release|iPhone.Deploy.0 = Release|iPhone
		{3186A24B-7A44-4FEC-B9B5-9164F97AC26F}.Release|iPhoneSimulator.ActiveCfg = Release|iPhoneSimulator
		{3186A24B-7A44-4FEC-B9B5-9164F97AC26F}.Release|iPhoneSimulator.Build.0 = Release|iPhoneSimulator
		{3186A24B-7A44-4FEC-B9B5-9164F97AC26F}.Release|iPhoneSimulator.Deploy.0 = Release|iPhoneSimulator
		{21BF1F3D-912C-45FB-AB02-A41FAF6A3435}.Ad-Hoc|Any CPU.ActiveCfg = Debug|Any CPU
		{21BF1F3D-912C-45FB-AB02-A41FAF6A3435}.Ad-Hoc|Any CPU.Build.0 = Debug|Any CPU
		{21BF1F3D-912C-45FB-AB02-A41FAF6A3435}.Ad-Hoc|Any CPU.Deploy.0 = Debug|Any CPU
		{21BF1F3D-912C-45FB-AB02-A41FAF6A3435}.Ad-Hoc|iPhone.ActiveCfg = Debug|Any CPU
		{21BF1F3D-912C-45FB-AB02-A41FAF6A3435}.Ad-Hoc|iPhone.Build.0 = Debug|Any CPU
		{21BF1F3D-912C-45FB-AB02-A41FAF6A3435}.Ad-Hoc|iPhone.Deploy.0 = Debug|Any CPU
		{21BF1F3D-912C-45FB-AB02-A41FAF6A3435}.Ad-Hoc|iPhoneSimulator.ActiveCfg = Debug|Any CPU
		{21BF1F3D-912C-45FB-AB02-A41FAF6A3435}.Ad-Hoc|iPhoneSimulator.Build.0 = Debug|Any CPU
		{21BF1F3D-912C-45FB-AB02-A41FAF6A3435}.Ad-Hoc|iPhoneSimulator.Deploy.0 = Debug|Any CPU
		{21BF1F3D-912C-45FB-AB02-A41FAF6A3435}.AppStore|Any CPU.ActiveCfg = Debug|Any CPU
		{21BF1F3D-912C-45FB-AB02-A41FAF6A3435}.AppStore|Any CPU.Build.0 = Debug|Any CPU
		{21BF1F3D-912C-45FB-AB02-A41FAF6A3435}.AppStore|Any CPU.Deploy.0 = Debug|Any CPU
		{21BF1F3D-912C-45FB-AB02-A41FAF6A3435}.AppStore|iPhone.ActiveCfg = Debug|Any CPU
		{21BF1F3D-912C-45FB-AB02-A41FAF6A3435}.AppStore|iPhone.Build.0 = Debug|Any CPU
		{21BF1F3D-912C-45FB-AB02-A41FAF6A3435}.AppStore|iPhone.Deploy.0 = Debug|Any CPU
		{21BF1F3D-912C-45FB-AB02-A41FAF6A3435}.AppStore|iPhoneSimulator.ActiveCfg = Debug|Any CPU
		{21BF1F3D-912C-45FB-AB02-A41FAF6A3435}.AppStore|iPhoneSimulator.Build.0 = Debug|Any CPU
		{21BF1F3D-912C-45FB-AB02-A41FAF6A3435}.AppStore|iPhoneSimulator.Deploy.0 = Debug|Any CPU
		{21BF1F3D-912C-45FB-AB02-A41FAF6A3435}.Debug|Any CPU.ActiveCfg = Debug|Any CPU
		{21BF1F3D-912C-45FB-AB02-A41FAF6A3435}.Debug|Any CPU.Build.0 = Debug|Any CPU
		{21BF1F3D-912C-45FB-AB02-A41FAF6A3435}.Debug|Any CPU.Deploy.0 = Debug|Any CPU
		{21BF1F3D-912C-45FB-AB02-A41FAF6A3435}.Debug|iPhone.ActiveCfg = Debug|Any CPU
		{21BF1F3D-912C-45FB-AB02-A41FAF6A3435}.Debug|iPhone.Build.0 = Debug|Any CPU
		{21BF1F3D-912C-45FB-AB02-A41FAF6A3435}.Debug|iPhone.Deploy.0 = Debug|Any CPU
		{21BF1F3D-912C-45FB-AB02-A41FAF6A3435}.Debug|iPhoneSimulator.ActiveCfg = Debug|Any CPU
		{21BF1F3D-912C-45FB-AB02-A41FAF6A3435}.Debug|iPhoneSimulator.Build.0 = Debug|Any CPU
		{21BF1F3D-912C-45FB-AB02-A41FAF6A3435}.Debug|iPhoneSimulator.Deploy.0 = Debug|Any CPU
		{21BF1F3D-912C-45FB-AB02-A41FAF6A3435}.Release|Any CPU.ActiveCfg = Release|Any CPU
		{21BF1F3D-912C-45FB-AB02-A41FAF6A3435}.Release|Any CPU.Build.0 = Release|Any CPU
		{21BF1F3D-912C-45FB-AB02-A41FAF6A3435}.Release|Any CPU.Deploy.0 = Release|Any CPU
		{21BF1F3D-912C-45FB-AB02-A41FAF6A3435}.Release|iPhone.ActiveCfg = Release|Any CPU
		{21BF1F3D-912C-45FB-AB02-A41FAF6A3435}.Release|iPhone.Build.0 = Release|Any CPU
		{21BF1F3D-912C-45FB-AB02-A41FAF6A3435}.Release|iPhone.Deploy.0 = Release|Any CPU
		{21BF1F3D-912C-45FB-AB02-A41FAF6A3435}.Release|iPhoneSimulator.ActiveCfg = Release|Any CPU
		{21BF1F3D-912C-45FB-AB02-A41FAF6A3435}.Release|iPhoneSimulator.Build.0 = Release|Any CPU
		{21BF1F3D-912C-45FB-AB02-A41FAF6A3435}.Release|iPhoneSimulator.Deploy.0 = Release|Any CPU
	EndGlobalSection
	GlobalSection(SolutionProperties) = preSolution
		HideSolutionNode = FALSE
	EndGlobalSection
	GlobalSection(ExtensibilityGlobals) = postSolution
		SolutionGuid = {23350BFD-37F0-4A28-8888-3DB5D1A4CA68}
	EndGlobalSection
EndGlobal
